<?xml version="1.0" encoding="utf-8"?>
<Project ToolsVersion="17.0" xmlns="http://schemas.microsoft.com/developer/msbuild/2003">
  <ItemGroup>
    <CustomBuild Include="D:\Prog\imwrap-v6\build_validate_win32\CMakeFiles\94ba954e5d2ace821101c7b1307aa811\INSTALL_force.rule">
      <Filter>CMake Rules</Filter>
    </CustomBuild>
  </ItemGroup>
  <ItemGroup>
    <Filter Include="CMake Rules">
      <UniqueIdentifier>{2D8294E2-9E9F-3224-9EA2-8241BD6C0A41}</UniqueIdentifier>
    </Filter>
  </ItemGroup>
</Project>
