
Microsoft Visual Studio Solution File, Format Version 12.00
# Visual Studio Version 17
Project("{8BC9CEB8-8B4A-11D0-8D11-00A0C91BC942}") = "ALL_BUILD", "ALL_BUILD.vcxproj", "{15F05F95-8890-3C96-A671-5036737827E1}"
	ProjectSection(ProjectDependencies) = postProject
		{66CF3A56-628A-3681-ACE9-65DD0650F145} = {66CF3A56-628A-3681-ACE9-65DD0650F145}
		{9672EA59-7939-3DA3-AEEF-FDEDF5570C66} = {9672EA59-7939-3DA3-AEEF-FDEDF5570C66}
		{DC52DDBA-28D4-3AD6-95F5-EB5F06B9E1CE} = {DC52DDBA-28D4-3AD6-95F5-EB5F06B9E1CE}
		{CBAD425F-8672-39F7-B638-8E86820B9012} = {CBAD425F-8672-39F7-B638-8E86820B9012}
		{9B42D8E9-B795-3E5A-A0E3-E3F386838405} = {9B42D8E9-B795-3E5A-A0E3-E3F386838405}
		{F924E95B-6396-3BA9-B654-80562E68EDC7} = {F924E95B-6396-3BA9-B654-80562E68EDC7}
		{7F6F29EF-EFE5-3A08-ACFE-8F0981AE417E} = {7F6F29EF-EFE5-3A08-ACFE-8F0981AE417E}
		{973092CA-6986-3159-8084-B93EA3448D89} = {973092CA-6986-3159-8084-B93EA3448D89}
		{0D03B3F0-7F21-3688-ABC5-86C647559F0F} = {0D03B3F0-7F21-3688-ABC5-86C647559F0F}
		{643E7D42-F2EA-38B4-9A8A-58A6457D1F77} = {643E7D42-F2EA-38B4-9A8A-58A6457D1F77}
		{36662B6B-6A5C-36F1-9A80-EC068A2A4B92} = {36662B6B-6A5C-36F1-9A80-EC068A2A4B92}
	EndProjectSection
EndProject
Project("{8BC9CEB8-8B4A-11D0-8D11-00A0C91BC942}") = "ADLMIDI_static", "third_party\libadlmidi\ADLMIDI_static.vcxproj", "{66CF3A56-628A-3681-ACE9-65DD0650F145}"
	ProjectSection(ProjectDependencies) = postProject
		{DC52DDBA-28D4-3AD6-95F5-EB5F06B9E1CE} = {DC52DDBA-28D4-3AD6-95F5-EB5F06B9E1CE}
	EndProjectSection
EndProject
Project("{8BC9CEB8-8B4A-11D0-8D11-00A0C91BC942}") = "ADLMIDI_version_check", "third_party\libadlmidi\ADLMIDI_version_check.vcxproj", "{9672EA59-7939-3DA3-AEEF-FDEDF5570C66}"
	ProjectSection(ProjectDependencies) = postProject
		{DC52DDBA-28D4-3AD6-95F5-EB5F06B9E1CE} = {DC52DDBA-28D4-3AD6-95F5-EB5F06B9E1CE}
	EndProjectSection
EndProject
Project("{8BC9CEB8-8B4A-11D0-8D11-00A0C91BC942}") = "INSTALL", "INSTALL.vcxproj", "{87A6066C-74D5-3AC5-A090-FAABAC4EA783}"
	ProjectSection(ProjectDependencies) = postProject
		{15F05F95-8890-3C96-A671-5036737827E1} = {15F05F95-8890-3C96-A671-5036737827E1}
		{DC52DDBA-28D4-3AD6-95F5-EB5F06B9E1CE} = {DC52DDBA-28D4-3AD6-95F5-EB5F06B9E1CE}
	EndProjectSection
EndProject
Project("{8BC9CEB8-8B4A-11D0-8D11-00A0C91BC942}") = "ZERO_CHECK", "ZERO_CHECK.vcxproj", "{DC52DDBA-28D4-3AD6-95F5-EB5F06B9E1CE}"
	ProjectSection(ProjectDependencies) = postProject
	EndProjectSection
EndProject
Project("{8BC9CEB8-8B4A-11D0-8D11-00A0C91BC942}") = "agsimuse", "agsimuse.vcxproj", "{CBAD425F-8672-39F7-B638-8E86820B9012}"
	ProjectSection(ProjectDependencies) = postProject
		{66CF3A56-628A-3681-ACE9-65DD0650F145} = {66CF3A56-628A-3681-ACE9-65DD0650F145}
		{DC52DDBA-28D4-3AD6-95F5-EB5F06B9E1CE} = {DC52DDBA-28D4-3AD6-95F5-EB5F06B9E1CE}
		{643E7D42-F2EA-38B4-9A8A-58A6457D1F77} = {643E7D42-F2EA-38B4-9A8A-58A6457D1F77}
	EndProjectSection
EndProject
Project("{8BC9CEB8-8B4A-11D0-8D11-00A0C91BC942}") = "imsprobe", "imsprobe.vcxproj", "{9B42D8E9-B795-3E5A-A0E3-E3F386838405}"
	ProjectSection(ProjectDependencies) = postProject
		{DC52DDBA-28D4-3AD6-95F5-EB5F06B9E1CE} = {DC52DDBA-28D4-3AD6-95F5-EB5F06B9E1CE}
		{643E7D42-F2EA-38B4-9A8A-58A6457D1F77} = {643E7D42-F2EA-38B4-9A8A-58A6457D1F77}
	EndProjectSection
EndProject
Project("{8BC9CEB8-8B4A-11D0-8D11-00A0C91BC942}") = "imuse_packer_gui", "imuse_packer_gui.vcxproj", "{F924E95B-6396-3BA9-B654-80562E68EDC7}"
	ProjectSection(ProjectDependencies) = postProject
		{DC52DDBA-28D4-3AD6-95F5-EB5F06B9E1CE} = {DC52DDBA-28D4-3AD6-95F5-EB5F06B9E1CE}
		{643E7D42-F2EA-38B4-9A8A-58A6457D1F77} = {643E7D42-F2EA-38B4-9A8A-58A6457D1F77}
	EndProjectSection
EndProject
Project("{8BC9CEB8-8B4A-11D0-8D11-00A0C91BC942}") = "imuse_player_gui", "imuse_player_gui.vcxproj", "{7F6F29EF-EFE5-3A08-ACFE-8F0981AE417E}"
	ProjectSection(ProjectDependencies) = postProject
		{DC52DDBA-28D4-3AD6-95F5-EB5F06B9E1CE} = {DC52DDBA-28D4-3AD6-95F5-EB5F06B9E1CE}
		{643E7D42-F2EA-38B4-9A8A-58A6457D1F77} = {643E7D42-F2EA-38B4-9A8A-58A6457D1F77}
	EndProjectSection
EndProject
Project("{8BC9CEB8-8B4A-11D0-8D11-00A0C91BC942}") = "imuse_setmidi", "imuse_setmidi.vcxproj", "{973092CA-6986-3159-8084-B93EA3448D89}"
	ProjectSection(ProjectDependencies) = postProject
		{DC52DDBA-28D4-3AD6-95F5-EB5F06B9E1CE} = {DC52DDBA-28D4-3AD6-95F5-EB5F06B9E1CE}
	EndProjectSection
EndProject
Project("{8BC9CEB8-8B4A-11D0-8D11-00A0C91BC942}") = "imuse_sysex_gui", "imuse_sysex_gui.vcxproj", "{0D03B3F0-7F21-3688-ABC5-86C647559F0F}"
	ProjectSection(ProjectDependencies) = postProject
		{DC52DDBA-28D4-3AD6-95F5-EB5F06B9E1CE} = {DC52DDBA-28D4-3AD6-95F5-EB5F06B9E1CE}
		{643E7D42-F2EA-38B4-9A8A-58A6457D1F77} = {643E7D42-F2EA-38B4-9A8A-58A6457D1F77}
	EndProjectSection
EndProject
Project("{8BC9CEB8-8B4A-11D0-8D11-00A0C91BC942}") = "imuse_v6", "imuse_v6.vcxproj", "{643E7D42-F2EA-38B4-9A8A-58A6457D1F77}"
	ProjectSection(ProjectDependencies) = postProject
		{DC52DDBA-28D4-3AD6-95F5-EB5F06B9E1CE} = {DC52DDBA-28D4-3AD6-95F5-EB5F06B9E1CE}
	EndProjectSection
EndProject
Project("{8BC9CEB8-8B4A-11D0-8D11-00A0C91BC942}") = "imusepack", "imusepack.vcxproj", "{36662B6B-6A5C-36F1-9A80-EC068A2A4B92}"
	ProjectSection(ProjectDependencies) = postProject
		{DC52DDBA-28D4-3AD6-95F5-EB5F06B9E1CE} = {DC52DDBA-28D4-3AD6-95F5-EB5F06B9E1CE}
		{643E7D42-F2EA-38B4-9A8A-58A6457D1F77} = {643E7D42-F2EA-38B4-9A8A-58A6457D1F77}
	EndProjectSection
EndProject
Global
	GlobalSection(SolutionConfigurationPlatforms) = preSolution
		Debug|x64 = Debug|x64
		Release|x64 = Release|x64
		MinSizeRel|x64 = MinSizeRel|x64
		RelWithDebInfo|x64 = RelWithDebInfo|x64
	EndGlobalSection
	GlobalSection(ProjectConfigurationPlatforms) = postSolution
		{15F05F95-8890-3C96-A671-5036737827E1}.Debug|x64.ActiveCfg = Debug|x64
		{15F05F95-8890-3C96-A671-5036737827E1}.Debug|x64.Build.0 = Debug|x64
		{15F05F95-8890-3C96-A671-5036737827E1}.Release|x64.ActiveCfg = Release|x64
		{15F05F95-8890-3C96-A671-5036737827E1}.Release|x64.Build.0 = Release|x64
		{15F05F95-8890-3C96-A671-5036737827E1}.MinSizeRel|x64.ActiveCfg = MinSizeRel|x64
		{15F05F95-8890-3C96-A671-5036737827E1}.MinSizeRel|x64.Build.0 = MinSizeRel|x64
		{15F05F95-8890-3C96-A671-5036737827E1}.RelWithDebInfo|x64.ActiveCfg = RelWithDebInfo|x64
		{15F05F95-8890-3C96-A671-5036737827E1}.RelWithDebInfo|x64.Build.0 = RelWithDebInfo|x64
		{66CF3A56-628A-3681-ACE9-65DD0650F145}.Debug|x64.ActiveCfg = Debug|x64
		{66CF3A56-628A-3681-ACE9-65DD0650F145}.Debug|x64.Build.0 = Debug|x64
		{66CF3A56-628A-3681-ACE9-65DD0650F145}.Release|x64.ActiveCfg = Release|x64
		{66CF3A56-628A-3681-ACE9-65DD0650F145}.Release|x64.Build.0 = Release|x64
		{66CF3A56-628A-3681-ACE9-65DD0650F145}.MinSizeRel|x64.ActiveCfg = MinSizeRel|x64
		{66CF3A56-628A-3681-ACE9-65DD0650F145}.MinSizeRel|x64.Build.0 = MinSizeRel|x64
		{66CF3A56-628A-3681-ACE9-65DD0650F145}.RelWithDebInfo|x64.ActiveCfg = RelWithDebInfo|x64
		{66CF3A56-628A-3681-ACE9-65DD0650F145}.RelWithDebInfo|x64.Build.0 = RelWithDebInfo|x64
		{9672EA59-7939-3DA3-AEEF-FDEDF5570C66}.Debug|x64.ActiveCfg = Debug|x64
		{9672EA59-7939-3DA3-AEEF-FDEDF5570C66}.Debug|x64.Build.0 = Debug|x64
		{9672EA59-7939-3DA3-AEEF-FDEDF5570C66}.Release|x64.ActiveCfg = Release|x64
		{9672EA59-7939-3DA3-AEEF-FDEDF5570C66}.Release|x64.Build.0 = Release|x64
		{9672EA59-7939-3DA3-AEEF-FDEDF5570C66}.MinSizeRel|x64.ActiveCfg = MinSizeRel|x64
		{9672EA59-7939-3DA3-AEEF-FDEDF5570C66}.MinSizeRel|x64.Build.0 = MinSizeRel|x64
		{9672EA59-7939-3DA3-AEEF-FDEDF5570C66}.RelWithDebInfo|x64.ActiveCfg = RelWithDebInfo|x64
		{9672EA59-7939-3DA3-AEEF-FDEDF5570C66}.RelWithDebInfo|x64.Build.0 = RelWithDebInfo|x64
		{87A6066C-74D5-3AC5-A090-FAABAC4EA783}.Debug|x64.ActiveCfg = Debug|x64
		{87A6066C-74D5-3AC5-A090-FAABAC4EA783}.Release|x64.ActiveCfg = Release|x64
		{87A6066C-74D5-3AC5-A090-FAABAC4EA783}.MinSizeRel|x64.ActiveCfg = MinSizeRel|x64
		{87A6066C-74D5-3AC5-A090-FAABAC4EA783}.RelWithDebInfo|x64.ActiveCfg = RelWithDebInfo|x64
		{DC52DDBA-28D4-3AD6-95F5-EB5F06B9E1CE}.Debug|x64.ActiveCfg = Debug|x64
		{DC52DDBA-28D4-3AD6-95F5-EB5F06B9E1CE}.Debug|x64.Build.0 = Debug|x64
		{DC52DDBA-28D4-3AD6-95F5-EB5F06B9E1CE}.Release|x64.ActiveCfg = Release|x64
		{DC52DDBA-28D4-3AD6-95F5-EB5F06B9E1CE}.Release|x64.Build.0 = Release|x64
		{DC52DDBA-28D4-3AD6-95F5-EB5F06B9E1CE}.MinSizeRel|x64.ActiveCfg = MinSizeRel|x64
		{DC52DDBA-28D4-3AD6-95F5-EB5F06B9E1CE}.MinSizeRel|x64.Build.0 = MinSizeRel|x64
		{DC52DDBA-28D4-3AD6-95F5-EB5F06B9E1CE}.RelWithDebInfo|x64.ActiveCfg = RelWithDebInfo|x64
		{DC52DDBA-28D4-3AD6-95F5-EB5F06B9E1CE}.RelWithDebInfo|x64.Build.0 = RelWithDebInfo|x64
		{CBAD425F-8672-39F7-B638-8E86820B9012}.Debug|x64.ActiveCfg = Debug|x64
		{CBAD425F-8672-39F7-B638-8E86820B9012}.Debug|x64.Build.0 = Debug|x64
		{CBAD425F-8672-39F7-B638-8E86820B9012}.Release|x64.ActiveCfg = Release|x64
		{CBAD425F-8672-39F7-B638-8E86820B9012}.Release|x64.Build.0 = Release|x64
		{CBAD425F-8672-39F7-B638-8E86820B9012}.MinSizeRel|x64.ActiveCfg = MinSizeRel|x64
		{CBAD425F-8672-39F7-B638-8E86820B9012}.MinSizeRel|x64.Build.0 = MinSizeRel|x64
		{CBAD425F-8672-39F7-B638-8E86820B9012}.RelWithDebInfo|x64.ActiveCfg = RelWithDebInfo|x64
		{CBAD425F-8672-39F7-B638-8E86820B9012}.RelWithDebInfo|x64.Build.0 = RelWithDebInfo|x64
		{9B42D8E9-B795-3E5A-A0E3-E3F386838405}.Debug|x64.ActiveCfg = Debug|x64
		{9B42D8E9-B795-3E5A-A0E3-E3F386838405}.Debug|x64.Build.0 = Debug|x64
		{9B42D8E9-B795-3E5A-A0E3-E3F386838405}.Release|x64.ActiveCfg = Release|x64
		{9B42D8E9-B795-3E5A-A0E3-E3F386838405}.Release|x64.Build.0 = Release|x64
		{9B42D8E9-B795-3E5A-A0E3-E3F386838405}.MinSizeRel|x64.ActiveCfg = MinSizeRel|x64
		{9B42D8E9-B795-3E5A-A0E3-E3F386838405}.MinSizeRel|x64.Build.0 = MinSizeRel|x64
		{9B42D8E9-B795-3E5A-A0E3-E3F386838405}.RelWithDebInfo|x64.ActiveCfg = RelWithDebInfo|x64
		{9B42D8E9-B795-3E5A-A0E3-E3F386838405}.RelWithDebInfo|x64.Build.0 = RelWithDebInfo|x64
		{F924E95B-6396-3BA9-B654-80562E68EDC7}.Debug|x64.ActiveCfg = Debug|x64
		{F924E95B-6396-3BA9-B654-80562E68EDC7}.Debug|x64.Build.0 = Debug|x64
		{F924E95B-6396-3BA9-B654-80562E68EDC7}.Release|x64.ActiveCfg = Release|x64
		{F924E95B-6396-3BA9-B654-80562E68EDC7}.Release|x64.Build.0 = Release|x64
		{F924E95B-6396-3BA9-B654-80562E68EDC7}.MinSizeRel|x64.ActiveCfg = MinSizeRel|x64
		{F924E95B-6396-3BA9-B654-80562E68EDC7}.MinSizeRel|x64.Build.0 = MinSizeRel|x64
		{F924E95B-6396-3BA9-B654-80562E68EDC7}.RelWithDebInfo|x64.ActiveCfg = RelWithDebInfo|x64
		{F924E95B-6396-3BA9-B654-80562E68EDC7}.RelWithDebInfo|x64.Build.0 = RelWithDebInfo|x64
		{7F6F29EF-EFE5-3A08-ACFE-8F0981AE417E}.Debug|x64.ActiveCfg = Debug|x64
		{7F6F29EF-EFE5-3A08-ACFE-8F0981AE417E}.Debug|x64.Build.0 = Debug|x64
		{7F6F29EF-EFE5-3A08-ACFE-8F0981AE417E}.Release|x64.ActiveCfg = Release|x64
		{7F6F29EF-EFE5-3A08-ACFE-8F0981AE417E}.Release|x64.Build.0 = Release|x64
		{7F6F29EF-EFE5-3A08-ACFE-8F0981AE417E}.MinSizeRel|x64.ActiveCfg = MinSizeRel|x64
		{7F6F29EF-EFE5-3A08-ACFE-8F0981AE417E}.MinSizeRel|x64.Build.0 = MinSizeRel|x64
		{7F6F29EF-EFE5-3A08-ACFE-8F0981AE417E}.RelWithDebInfo|x64.ActiveCfg = RelWithDebInfo|x64
		{7F6F29EF-EFE5-3A08-ACFE-8F0981AE417E}.RelWithDebInfo|x64.Build.0 = RelWithDebInfo|x64
		{973092CA-6986-3159-8084-B93EA3448D89}.Debug|x64.ActiveCfg = Debug|x64
		{973092CA-6986-3159-8084-B93EA3448D89}.Debug|x64.Build.0 = Debug|x64
		{973092CA-6986-3159-8084-B93EA3448D89}.Release|x64.ActiveCfg = Release|x64
		{973092CA-6986-3159-8084-B93EA3448D89}.Release|x64.Build.0 = Release|x64
		{973092CA-6986-3159-8084-B93EA3448D89}.MinSizeRel|x64.ActiveCfg = MinSizeRel|x64
		{973092CA-6986-3159-8084-B93EA3448D89}.MinSizeRel|x64.Build.0 = MinSizeRel|x64
		{973092CA-6986-3159-8084-B93EA3448D89}.RelWithDebInfo|x64.ActiveCfg = RelWithDebInfo|x64
		{973092CA-6986-3159-8084-B93EA3448D89}.RelWithDebInfo|x64.Build.0 = RelWithDebInfo|x64
		{0D03B3F0-7F21-3688-ABC5-86C647559F0F}.Debug|x64.ActiveCfg = Debug|x64
		{0D03B3F0-7F21-3688-ABC5-86C647559F0F}.Debug|x64.Build.0 = Debug|x64
		{0D03B3F0-7F21-3688-ABC5-86C647559F0F}.Release|x64.ActiveCfg = Release|x64
		{0D03B3F0-7F21-3688-ABC5-86C647559F0F}.Release|x64.Build.0 = Release|x64
		{0D03B3F0-7F21-3688-ABC5-86C647559F0F}.MinSizeRel|x64.ActiveCfg = MinSizeRel|x64
		{0D03B3F0-7F21-3688-ABC5-86C647559F0F}.MinSizeRel|x64.Build.0 = MinSizeRel|x64
		{0D03B3F0-7F21-3688-ABC5-86C647559F0F}.RelWithDebInfo|x64.ActiveCfg = RelWithDebInfo|x64
		{0D03B3F0-7F21-3688-ABC5-86C647559F0F}.RelWithDebInfo|x64.Build.0 = RelWithDebInfo|x64
		{643E7D42-F2EA-38B4-9A8A-58A6457D1F77}.Debug|x64.ActiveCfg = Debug|x64
		{643E7D42-F2EA-38B4-9A8A-58A6457D1F77}.Debug|x64.Build.0 = Debug|x64
		{643E7D42-F2EA-38B4-9A8A-58A6457D1F77}.Release|x64.ActiveCfg = Release|x64
		{643E7D42-F2EA-38B4-9A8A-58A6457D1F77}.Release|x64.Build.0 = Release|x64
		{643E7D42-F2EA-38B4-9A8A-58A6457D1F77}.MinSizeRel|x64.ActiveCfg = MinSizeRel|x64
		{643E7D42-F2EA-38B4-9A8A-58A6457D1F77}.MinSizeRel|x64.Build.0 = MinSizeRel|x64
		{643E7D42-F2EA-38B4-9A8A-58A6457D1F77}.RelWithDebInfo|x64.ActiveCfg = RelWithDebInfo|x64
		{643E7D42-F2EA-38B4-9A8A-58A6457D1F77}.RelWithDebInfo|x64.Build.0 = RelWithDebInfo|x64
		{36662B6B-6A5C-36F1-9A80-EC068A2A4B92}.Debug|x64.ActiveCfg = Debug|x64
		{36662B6B-6A5C-36F1-9A80-EC068A2A4B92}.Debug|x64.Build.0 = Debug|x64
		{36662B6B-6A5C-36F1-9A80-EC068A2A4B92}.Release|x64.ActiveCfg = Release|x64
		{36662B6B-6A5C-36F1-9A80-EC068A2A4B92}.Release|x64.Build.0 = Release|x64
		{36662B6B-6A5C-36F1-9A80-EC068A2A4B92}.MinSizeRel|x64.ActiveCfg = MinSizeRel|x64
		{36662B6B-6A5C-36F1-9A80-EC068A2A4B92}.MinSizeRel|x64.Build.0 = MinSizeRel|x64
		{36662B6B-6A5C-36F1-9A80-EC068A2A4B92}.RelWithDebInfo|x64.ActiveCfg = RelWithDebInfo|x64
		{36662B6B-6A5C-36F1-9A80-EC068A2A4B92}.RelWithDebInfo|x64.Build.0 = RelWithDebInfo|x64
	EndGlobalSection
	GlobalSection(ExtensibilityGlobals) = postSolution
		SolutionGuid = {F0FE44C5-F9B4-39EA-8EA5-5C1E6E548774}
	EndGlobalSection
	GlobalSection(ExtensibilityAddIns) = postSolution
	EndGlobalSection
EndGlobal
